{
  "name": "chessrep-main",
  "lockfileVersion": 3,
  "requires": true,
  "packages": {
    "": {
      "dependencies": {
        "pgn-parser": "^2.2.1"
      }
    },
    "node_modules/pgn-parser": {
      "version": "2.2.1",
      "resolved": "https://registry.npmjs.org/pgn-parser/-/pgn-parser-2.2.1.tgz",
      "integrity": "sha512-lZ16i3yLoyH6E8liDdo2x0GXXuEBCwtXl/N+ncKbaehLWOrD5oroUQpz8bH1xqvXkTChzZ8Wa68r/q1arhk1Gg==",
      "license": "MIT",
      "engines": {
        "node": ">= 6.0.0"
      }
    }
  }
}
